
Microsoft Visual Studio Solution File, Format Version 12.00
# Visual Studio Version 17
VisualStudioVersion = 17.11.35222.181
MinimumVisualStudioVersion = 10.0.40219.1
Project("{FAE04EC0-301F-11D3-BF4B-00C04F79EFBC}") = "WindowsFormsApp4", "WindowsFormsApp4\WindowsFormsApp4.csproj", "{E6FC4725-B3FC-4EA3-9E47-7117C92F3847}"
EndProject
Global
	GlobalSection(SolutionConfigurationPlatforms) = preSolution
		Debug|Any CPU = Debug|Any CPU
		Release|Any CPU = Release|Any CPU
	EndGlobalSection
	GlobalSection(ProjectConfigurationPlatforms) = postSolution
		{E6FC4725-B3FC-4EA3-9E47-7117C92F3847}.Debug|Any CPU.ActiveCfg = Debug|Any CPU
		{E6FC4725-B3FC-4EA3-9E47-7117C92F3847}.Debug|Any CPU.Build.0 = Debug|Any CPU
		{E6FC4725-B3FC-4EA3-9E47-7117C92F3847}.Release|Any CPU.ActiveCfg = Release|Any CPU
		{E6FC4725-B3FC-4EA3-9E47-7117C92F3847}.Release|Any CPU.Build.0 = Release|Any CPU
	EndGlobalSection
	GlobalSection(SolutionProperties) = preSolution
		HideSolutionNode = FALSE
	EndGlobalSection
	GlobalSection(ExtensibilityGlobals) = postSolution
		SolutionGuid = {56503E25-576E-43B4-BB50-4F3E9EC216B8}
	EndGlobalSection
EndGlobal
